// !$*UTF8*$!
{
	archiveVersion = 1;
	classes = {
	};
	objectVersion = 46;
	objects = {

/* Begin PBXBuildFile section */
		00BBD87E1FB3E71A00EA6263 /* AppDelegate.swift in Sources */ = {isa = PBXBuildFile; fileRef = 00BBD87D1FB3E71A00EA6263 /* AppDelegate.swift */; };
		00BBD8801FB3E71A00EA6263 /* ViewController.swift in Sources */ = {isa = PBXBuildFile; fileRef = 00BBD87F1FB3E71A00EA6263 /* ViewController.swift */; };
		00BBD8831FB3E71A00EA6263 /* Main.storyboard in Resources */ = {isa = PBXBuildFile; fileRef = 00BBD8811FB3E71A00EA6263 /* Main.storyboard */; };
		00BBD8861FB3E71A00EA6263 /* SaveVolume.xcdatamodeld in Sources */ = {isa = PBXBuildFile; fileRef = 00BBD8841FB3E71A00EA6263 /* SaveVolume.xcdatamodeld */; };
		00BBD8881FB3E71A00EA6263 /* Assets.xcassets in Resources */ = {isa = PBXBuildFile; fileRef = 00BBD8871FB3E71A00EA6263 /* Assets.xcassets */; };
		00BBD88B1FB3E71A00EA6263 /* LaunchScreen.storyboard in Resources */ = {isa = PBXBuildFile; fileRef = 00BBD8891FB3E71A00EA6263 /* LaunchScreen.storyboard */; };
/* End PBXBuildFile section */

/* Begin PBXFileReference section */
		00BBD87A1FB3E71A00EA6263 /* SaveVolume.app */ = {isa = PBXFileReference; explicitFileType = wrapper.application; includeInIndex = 0; path = SaveVolume.app; sourceTree = BUILT_PRODUCTS_DIR; };
		00BBD87D1FB3E71A00EA6263 /* AppDelegate.swift */ = {isa = PBXFileReference; lastKnownFileType = sourcecode.swift; path = AppDelegate.swift; sourceTree = "<group>"; };
		00BBD87F1FB3E71A00EA6263 /* ViewController.swift */ = {isa = PBXFileReference; lastKnownFileType = sourcecode.swift; path = ViewController.swift; sourceTree = "<group>"; };
		00BBD8821FB3E71A00EA6263 /* Base */ = {isa = PBXFileReference; lastKnownFileType = file.storyboard; name = Base; path = Base.lproj/Main.storyboard; sourceTree = "<group>"; };
		00BBD8851FB3E71A00EA6263 /* SaveVolume.xcdatamodel */ = {isa = PBXFileReference; lastKnownFileType = wrapper.xcdatamodel; path = SaveVolume.xcdatamodel; sourceTree = "<group>"; };
		00BBD8871FB3E71A00EA6263 /* Assets.xcassets */ = {isa = PBXFileReference; lastKnownFileType = folder.assetcatalog; path = Assets.xcassets; sourceTree = "<group>"; };
		00BBD88A1FB3E71A00EA6263 /* Base */ = {isa = PBXFileReference; lastKnownFileType = file.storyboard; name = Base; path = Base.lproj/LaunchScreen.storyboard; sourceTree = "<group>"; };
		00BBD88C1FB3E71A00EA6263 /* Info.plist */ = {isa = PBXFileReference; lastKnownFileType = text.plist.xml; path = Info.plist; sourceTree = "<group>"; };
/* End PBXFileReference section */

/* Begin PBXFrameworksBuildPhase section */
		00BBD8771FB3E71A00EA6263 /* Frameworks */ = {
			isa = PBXFrameworksBuildPhase;
			buildActionMask = 2147483647;
			files = (
			);
			runOnlyForDeploymentPostprocessing = 0;
		};
/* End PBXFrameworksBuildPhase section */

/* Begin PBXGroup section */
		00BBD8711FB3E71A00EA6263 = {
			isa = PBXGroup;
			children = (
				00BBD87C1FB3E71A00EA6263 /* SaveVolume */,
				00BBD87B1FB3E71A00EA6263 /* Products */,
			);
			sourceTree = "<group>";
		};
		00BBD87B1FB3E71A00EA6263 /* Products */ = {
			isa = PBXGroup;
			children = (
				00BBD87A1FB3E71A00EA6263 /* SaveVolume.app */,
			);
			name = Products;
			sourceTree = "<group>";
		};
		00BBD87C1FB3E71A00EA6263 /* SaveVolume */ = {
			isa = PBXGroup;
			children = (
				00BBD87D1FB3E71A00EA6263 /* AppDelegate.swift */,
				00BBD87F1FB3E71A00EA6263 /* ViewController.swift */,
				00BBD8811FB3E71A00EA6263 /* Main.storyboard */,
				00BBD8871FB3E71A00EA6263 /* Assets.xcassets */,
				00BBD8891FB3E71A00EA6263 /* LaunchScreen.storyboard */,
				00BBD88C1FB3E71A00EA6263 /* Info.plist */,
				00BBD8841FB3E71A00EA6263 /* SaveVolume.xcdatamodeld */,
			);
			path = SaveVolume;
			sourceTree = "<group>";
		};
/* End PBXGroup section */

/* Begin PBXNativeTarget section */
		00BBD8791FB3E71A00EA6263 /* SaveVolume */ = {
			isa = PBXNativeTarget;
			buildConfigurationList = 00BBD88F1FB3E71A00EA6263 /* Build configuration list for PBXNativeTarget "SaveVolume" */;
			buildPhases = (
				00BBD8761FB3E71A00EA6263 /* Sources */,
				00BBD8771FB3E71A00EA6263 /* Frameworks */,
				00BBD8781FB3E71A00EA6263 /* Resources */,
			);
			buildRules = (
			);
			dependencies = (
			);
			name = SaveVolume;
			productName = SaveVolume;
			productReference = 00BBD87A1FB3E71A00EA6263 /* SaveVolume.app */;
			productType = "com.apple.product-type.application";
		};
/* End PBXNativeTarget section */

/* Begin PBXProject section */
		00BBD8721FB3E71A00EA6263 /* Project object */ = {
			isa = PBXProject;
			attributes = {
				LastSwiftUpdateCheck = 0830;
				LastUpgradeCheck = 0830;
				ORGANIZATIONNAME = robin;
				TargetAttributes = {
					00BBD8791FB3E71A00EA6263 = {
						CreatedOnToolsVersion = 8.3.3;
						ProvisioningStyle = Automatic;
					};
				};
			};
			buildConfigurationList = 00BBD8751FB3E71A00EA6263 /* Build configuration list for PBXProject "SaveVolume" */;
			compatibilityVersion = "Xcode 3.2";
			developmentRegion = English;
			hasScannedForEncodings = 0;
			knownRegions = (
				en,
				Base,
			);
			mainGroup = 00BBD8711FB3E71A00EA6263;
			productRefGroup = 00BBD87B1FB3E71A00EA6263 /* Products */;
			projectDirPath = "";
			projectRoot = "";
			targets = (
				00BBD8791FB3E71A00EA6263 /* SaveVolume */,
			);
		};
/* End PBXProject section */

/* Begin PBXResourcesBuildPhase section */
		00BBD8781FB3E71A00EA6263 /* Resources */ = {
			isa = PBXResourcesBuildPhase;
			buildActionMask = 2147483647;
			files = (
				00BBD88B1FB3E71A00EA6263 /* LaunchScreen.storyboard in Resources */,
				00BBD8881FB3E71A00EA6263 /* Assets.xcassets in Resources */,
				00BBD8831FB3E71A00EA6263 /* Main.storyboard in Resources */,
			);
			runOnlyForDeploymentPostprocessing = 0;
		};
/* End PBXResourcesBuildPhase section */

/* Begin PBXSourcesBuildPhase section */
		00BBD8761FB3E71A00EA6263 /* Sources */ = {
			isa = PBXSourcesBuildPhase;
			buildActionMask = 2147483647;
			files = (
				00BBD8861FB3E71A00EA6263 /* SaveVolume.xcdatamodeld in Sources */,
				00BBD8801FB3E71A00EA6263 /* ViewController.swift in Sources */,
				00BBD87E1FB3E71A00EA6263 /* AppDelegate.swift in Sources */,
			);
			runOnlyForDeploymentPostprocessing = 0;
		};
/* End PBXSourcesBuildPhase section */

/* Begin PBXVariantGroup section */
		00BBD8811FB3E71A00EA6263 /* Main.storyboard */ = {
			isa = PBXVariantGroup;
			children = (
				00BBD8821FB3E71A00EA6263 /* Base */,
			);
			name = Main.storyboard;
			sourceTree = "<group>";
		};
		00BBD8891FB3E71A00EA6263 /* LaunchScreen.storyboard */ = {
			isa = PBXVariantGroup;
			children = (
				00BBD88A1FB3E71A00EA6263 /* Base */,
			);
			name = LaunchScreen.storyboard;
			sourceTree = "<group>";
		};
/* End PBXVariantGroup section */

/* Begin XCBuildConfiguration section */
		00BBD88D1FB3E71A00EA6263 /* Debug */ = {
			isa = XCBuildConfiguration;
			buildSettings = {
				ALWAYS_SEARCH_USER_PATHS = NO;
				CLANG_ANALYZER_NONNULL = YES;
				CLANG_ANALYZER_NUMBER_OBJECT_CONVERSION = YES_AGGRESSIVE;
				CLANG_CXX_LANGUAGE_STANDARD = "gnu++0x";
				CLANG_CXX_LIBRARY = "libc++";
				CLANG_ENABLE_MODULES = YES;
				CLANG_ENABLE_OBJC_ARC = YES;
				CLANG_WARN_BOOL_CONVERSION = YES;
				CLANG_WARN_CONSTANT_CONVERSION = YES;
				CLANG_WARN_DIRECT_OBJC_ISA_USAGE = YES_ERROR;
				CLANG_WARN_DOCUMENTATION_COMMENTS = YES;
				CLANG_WARN_EMPTY_BODY = YES;
				CLANG_WARN_ENUM_CONVERSION = YES;
				CLANG_WARN_INFINITE_RECURSION = YES;
				CLANG_WARN_INT_CONVERSION = YES;
				CLANG_WARN_OBJC_ROOT_CLASS = YES_ERROR;
				CLANG_WARN_SUSPICIOUS_MOVE = YES;
				CLANG_WARN_UNREACHABLE_CODE = YES;
				CLANG_WARN__DUPLICATE_METHOD_MATCH = YES;
				"CODE_SIGN_IDENTITY[sdk=iphoneos*]" = "iPhone Developer";
				COPY_PHASE_STRIP = NO;
				DEBUG_INFORMATION_FORMAT = dwarf;
				ENABLE_STRICT_OBJC_MSGSEND = YES;
				ENABLE_TESTABILITY = YES;
				GCC_C_LANGUAGE_STANDARD = gnu99;
				GCC_DYNAMIC_NO_PIC = NO;
				GCC_NO_COMMON_BLOCKS = YES;
				GCC_OPTIMIZATION_LEVEL = 0;
				GCC_PREPROCESSOR_DEFINITIONS = (
					"DEBUG=1",
					"$(inherited)",
				);
				GCC_WARN_64_TO_32_BIT_CONVERSION = YES;
				GCC_WARN_ABOUT_RETURN_TYPE = YES_ERROR;
				GCC_WARN_UNDECLARED_SELECTOR = YES;
				GCC_WARN_UNINITIALIZED_AUTOS = YES_AGGRESSIVE;
				GCC_WARN_UNUSED_FUNCTION = YES;
				GCC_WARN_UNUSED_VARIABLE = YES;
				IPHONEOS_DEPLOYMENT_TARGET = 10.3;
				MTL_ENABLE_DEBUG_INFO = YES;
				ONLY_ACTIVE_ARCH = YES;
				SDKROOT = iphoneos;
				SWIFT_ACTIVE_COMPILATION_CONDITIONS = DEBUG;
				SWIFT_OPTIMIZATION_LEVEL = "-Onone";
			};
			name = Debug;
		};
		00BBD88E1FB3E71A00EA6263 /* Release */ = {
			isa = XCBuildConfiguration;
			buildSettings = {
				ALWAYS_SEARCH_USER_PATHS = NO;
				CLANG_ANALYZER_NONNULL = YES;
				CLANG_ANALYZER_NUMBER_OBJECT_CONVERSION = YES_AGGRESSIVE;
				CLANG_CXX_LANGUAGE_STANDARD = "gnu++0x";
				CLANG_CXX_LIBRARY = "libc++";
				CLANG_ENABLE_MODULES = YES;
				CLANG_ENABLE_OBJC_ARC = YES;
				CLANG_WARN_BOOL_CONVERSION = YES;
				CLANG_WARN_CONSTANT_CONVERSION = YES;
				CLANG_WARN_DIRECT_OBJC_ISA_USAGE = YES_ERROR;
				CLANG_WARN_DOCUMENTATION_COMMENTS = YES;
				CLANG_WARN_EMPTY_BODY = YES;
				CLANG_WARN_ENUM_CONVERSION = YES;
				CLANG_WARN_INFINITE_RECURSION = YES;
				CLANG_WARN_INT_CONVERSION = YES;
				CLANG_WARN_OBJC_ROOT_CLASS = YES_ERROR;
				CLANG_WARN_SUSPICIOUS_MOVE = YES;
				CLANG_WARN_UNREACHABLE_CODE = YES;
				CLANG_WARN__DUPLICATE_METHOD_MATCH = YES;
				"CODE_SIGN_IDENTITY[sdk=iphoneos*]" = "iPhone Developer";
				COPY_PHASE_STRIP = NO;
				DEBUG_INFORMATION_FORMAT = "dwarf-with-dsym";
				ENABLE_NS_ASSERTIONS = NO;
				ENABLE_STRICT_OBJC_MSGSEND = YES;
				GCC_C_LANGUAGE_STANDARD = gnu99;
				GCC_NO_COMMON_BLOCKS = YES;
				GCC_WARN_64_TO_32_BIT_CONVERSION = YES;
				GCC_WARN_ABOUT_RETURN_TYPE = YES_ERROR;
				GCC_WARN_UNDECLARED_SELECTOR = YES;
				GCC_WARN_UNINITIALIZED_AUTOS = YES_AGGRESSIVE;
				GCC_WARN_UNUSED_FUNCTION = YES;
				GCC_WARN_UNUSED_VARIABLE = YES;
				IPHONEOS_DEPLOYMENT_TARGET = 10.3;
				MTL_ENABLE_DEBUG_INFO = NO;
				SDKROOT = iphoneos;
				SWIFT_OPTIMIZATION_LEVEL = "-Owholemodule";
				VALIDATE_PRODUCT = YES;
			};
			name = Release;
		};
		00BBD8901FB3E71A00EA6263 /* Debug */ = {
			isa = XCBuildConfiguration;
			buildSettings = {
				ASSETCATALOG_COMPILER_APPICON_NAME = AppIcon;
				INFOPLIST_FILE = SaveVolume/Info.plist;
				LD_RUNPATH_SEARCH_PATHS = "$(inherited) @executable_path/Frameworks";
				PRODUCT_BUNDLE_IDENTIFIER = com.testing.SaveVolume;
				PRODUCT_NAME = "$(TARGET_NAME)";
				SWIFT_VERSION = 3.0;
			};
			name = Debug;
		};
		00BBD8911FB3E71A00EA6263 /* Release */ = {
			isa = XCBuildConfiguration;
			buildSettings = {
				ASSETCATALOG_COMPILER_APPICON_NAME = AppIcon;
				INFOPLIST_FILE = SaveVolume/Info.plist;
				LD_RUNPATH_SEARCH_PATHS = "$(inherited) @executable_path/Frameworks";
				PRODUCT_BUNDLE_IDENTIFIER = com.testing.SaveVolume;
				PRODUCT_NAME = "$(TARGET_NAME)";
				SWIFT_VERSION = 3.0;
			};
			name = Release;
		};
/* End XCBuildConfiguration section */

/* Begin XCConfigurationList section */
		00BBD8751FB3E71A00EA6263 /* Build configuration list for PBXProject "SaveVolume" */ = {
			isa = XCConfigurationList;
			buildConfigurations = (
				00BBD88D1FB3E71A00EA6263 /* Debug */,
				00BBD88E1FB3E71A00EA6263 /* Release */,
			);
			defaultConfigurationIsVisible = 0;
			defaultConfigurationName = Release;
		};
		00BBD88F1FB3E71A00EA6263 /* Build configuration list for PBXNativeTarget "SaveVolume" */ = {
			isa = XCConfigurationList;
			buildConfigurations = (
				00BBD8901FB3E71A00EA6263 /* Debug */,
				00BBD8911FB3E71A00EA6263 /* Release */,
			);
			defaultConfigurationIsVisible = 0;
		};
/* End XCConfigurationList section */

/* Begin XCVersionGroup section */
		00BBD8841FB3E71A00EA6263 /* SaveVolume.xcdatamodeld */ = {
			isa = XCVersionGroup;
			children = (
				00BBD8851FB3E71A00EA6263 /* SaveVolume.xcdatamodel */,
			);
			currentVersion = 00BBD8851FB3E71A00EA6263 /* SaveVolume.xcdatamodel */;
			path = SaveVolume.xcdatamodeld;
			sourceTree = "<group>";
			versionGroupType = wrapper.xcdatamodel;
		};
/* End XCVersionGroup section */
	};
	rootObject = 00BBD8721FB3E71A00EA6263 /* Project object */;
}
